
Microsoft Visual Studio Solution File, Format Version 12.00
Project("{FAE04EC0-301F-11D3-BF4B-00C04F79EFBC}") = "BikeAnalysis", "BikeAnalysis\BikeAnalysis.csproj", "{3ADEB4DA-60CF-40E3-A0EB-D100671F936E}"
EndProject
Global
	GlobalSection(SolutionConfigurationPlatforms) = preSolution
		Debug|Any CPU = Debug|Any CPU
		Release|Any CPU = Release|Any CPU
	EndGlobalSection
	GlobalSection(ProjectConfigurationPlatforms) = postSolution
		{3ADEB4DA-60CF-40E3-A0EB-D100671F936E}.Debug|Any CPU.ActiveCfg = Debug|Any CPU
		{3ADEB4DA-60CF-40E3-A0EB-D100671F936E}.Debug|Any CPU.Build.0 = Debug|Any CPU
		{3ADEB4DA-60CF-40E3-A0EB-D100671F936E}.Release|Any CPU.ActiveCfg = Release|Any CPU
		{3ADEB4DA-60CF-40E3-A0EB-D100671F936E}.Release|Any CPU.Build.0 = Release|Any CPU
	EndGlobalSection
EndGlobal
